
Microsoft Visual Studio Solution File, Format Version 12.00
# Visual Studio Version 17
VisualStudioVersion = 17.5.33516.290
MinimumVisualStudioVersion = 10.0.40219.1
Project("{FAE04EC0-301F-11D3-BF4B-00C04F79EFBC}") = "TODOGRPC", "TODOGRPC\TODOGRPC.csproj", "{141EC6B7-DEB1-4E2C-9EDD-69A79E1150D5}"
EndProject
Global
	GlobalSection(SolutionConfigurationPlatforms) = preSolution
		Debug|Any CPU = Debug|Any CPU
		Release|Any CPU = Release|Any CPU
	EndGlobalSection
	GlobalSection(ProjectConfigurationPlatforms) = postSolution
		{141EC6B7-DEB1-4E2C-9EDD-69A79E1150D5}.Debug|Any CPU.ActiveCfg = Debug|Any CPU
		{141EC6B7-DEB1-4E2C-9EDD-69A79E1150D5}.Debug|Any CPU.Build.0 = Debug|Any CPU
		{141EC6B7-DEB1-4E2C-9EDD-69A79E1150D5}.Release|Any CPU.ActiveCfg = Release|Any CPU
		{141EC6B7-DEB1-4E2C-9EDD-69A79E1150D5}.Release|Any CPU.Build.0 = Release|Any CPU
	EndGlobalSection
	GlobalSection(SolutionProperties) = preSolution
		HideSolutionNode = FALSE
	EndGlobalSection
	GlobalSection(ExtensibilityGlobals) = postSolution
		SolutionGuid = {50597BD9-456B-42D3-BDBE-AA31BB198BC9}
	EndGlobalSection
EndGlobal
